
Microsoft Visual Studio Solution File, Format Version 12.00
# Visual Studio 2012
Project("{FAE04EC0-301F-11D3-BF4B-00C04F79EFBC}") = "Phonebook_webapi", "Phonebook_webapi\Phonebook_webapi.csproj", "{84998DF4-AF38-44C8-8EBE-91E2DD4BC8D1}"
EndProject
Project("{FAE04EC0-301F-11D3-BF4B-00C04F79EFBC}") = "phonebook_mvc", "phonebook_mvc\phonebook_mvc.csproj", "{E9E4D6ED-65F7-4E3E-9371-2F9D8478C478}"
EndProject
Project("{2150E333-8FDC-42A3-9474-1A3956D46DE8}") = ".nuget", ".nuget", "{3CB293B7-6560-4901-80DA-C41D1FDE6041}"
	ProjectSection(SolutionItems) = preProject
		.nuget\NuGet.Config = .nuget\NuGet.Config
		.nuget\NuGet.exe = .nuget\NuGet.exe
		.nuget\NuGet.targets = .nuget\NuGet.targets
	EndProjectSection
EndProject
Global
	GlobalSection(SolutionConfigurationPlatforms) = preSolution
		Debug|Any CPU = Debug|Any CPU
		Release|Any CPU = Release|Any CPU
	EndGlobalSection
	GlobalSection(ProjectConfigurationPlatforms) = postSolution
		{84998DF4-AF38-44C8-8EBE-91E2DD4BC8D1}.Debug|Any CPU.ActiveCfg = Debug|Any CPU
		{84998DF4-AF38-44C8-8EBE-91E2DD4BC8D1}.Debug|Any CPU.Build.0 = Debug|Any CPU
		{84998DF4-AF38-44C8-8EBE-91E2DD4BC8D1}.Release|Any CPU.ActiveCfg = Release|Any CPU
		{84998DF4-AF38-44C8-8EBE-91E2DD4BC8D1}.Release|Any CPU.Build.0 = Release|Any CPU
		{E9E4D6ED-65F7-4E3E-9371-2F9D8478C478}.Debug|Any CPU.ActiveCfg = Debug|Any CPU
		{E9E4D6ED-65F7-4E3E-9371-2F9D8478C478}.Debug|Any CPU.Build.0 = Debug|Any CPU
		{E9E4D6ED-65F7-4E3E-9371-2F9D8478C478}.Release|Any CPU.ActiveCfg = Release|Any CPU
		{E9E4D6ED-65F7-4E3E-9371-2F9D8478C478}.Release|Any CPU.Build.0 = Release|Any CPU
	EndGlobalSection
	GlobalSection(SolutionProperties) = preSolution
		HideSolutionNode = FALSE
	EndGlobalSection
EndGlobal
